{
  "version": "5",
  "remote": {
    "https://deno.land/std@0.208.0/dotenv/load.ts": "0636983549b98f29ab75c9a22a42d9723f0a389ece5498fe971e7bb2556a12e2",
    "https://deno.land/std@0.208.0/dotenv/mod.ts": "039468f5c87d39b69d7ca6c3d68ebca82f206ec0ff5e011d48205eea292ea5a6"
  },
  "workspace": {
    "packageJson": {
      "dependencies": [
        "npm:supabase@^1.200.0"
      ]
    }
  }
}
